
Microsoft Visual Studio Solution File, Format Version 12.00
# Visual Studio Version 17
VisualStudioVersion = 17.6.33801.468
MinimumVisualStudioVersion = 10.0.40219.1
Project("{FAE04EC0-301F-11D3-BF4B-00C04F79EFBC}") = "Symulator Microprocessor Intel8086", "Symulator Microprocessor Intel8086\Symulator Microprocessor Intel8086.csproj", "{194DA722-B760-48EB-BAAD-701ACE998380}"
EndProject
Global
	GlobalSection(SolutionConfigurationPlatforms) = preSolution
		Debug|Any CPU = Debug|Any CPU
		Release|Any CPU = Release|Any CPU
	EndGlobalSection
	GlobalSection(ProjectConfigurationPlatforms) = postSolution
		{194DA722-B760-48EB-BAAD-701ACE998380}.Debug|Any CPU.ActiveCfg = Debug|Any CPU
		{194DA722-B760-48EB-BAAD-701ACE998380}.Debug|Any CPU.Build.0 = Debug|Any CPU
		{194DA722-B760-48EB-BAAD-701ACE998380}.Release|Any CPU.ActiveCfg = Release|Any CPU
		{194DA722-B760-48EB-BAAD-701ACE998380}.Release|Any CPU.Build.0 = Release|Any CPU
	EndGlobalSection
	GlobalSection(SolutionProperties) = preSolution
		HideSolutionNode = FALSE
	EndGlobalSection
	GlobalSection(ExtensibilityGlobals) = postSolution
		SolutionGuid = {ECF8083F-7BED-48C9-92B0-E067A8B186F5}
	EndGlobalSection
EndGlobal
